
Microsoft Visual Studio Solution File, Format Version 12.00
# Visual Studio Version 17
VisualStudioVersion = 17.6.33815.320
MinimumVisualStudioVersion = 10.0.40219.1
Project("{FAE04EC0-301F-11D3-BF4B-00C04F79EFBC}") = "RunGroopWebApp", "RunGroopWebApp\RunGroopWebApp.csproj", "{D70B0559-0CE4-481F-98BA-7F6A3F187226}"
EndProject
Global
	GlobalSection(SolutionConfigurationPlatforms) = preSolution
		Debug|Any CPU = Debug|Any CPU
		Release|Any CPU = Release|Any CPU
	EndGlobalSection
	GlobalSection(ProjectConfigurationPlatforms) = postSolution
		{D70B0559-0CE4-481F-98BA-7F6A3F187226}.Debug|Any CPU.ActiveCfg = Debug|Any CPU
		{D70B0559-0CE4-481F-98BA-7F6A3F187226}.Debug|Any CPU.Build.0 = Debug|Any CPU
		{D70B0559-0CE4-481F-98BA-7F6A3F187226}.Release|Any CPU.ActiveCfg = Release|Any CPU
		{D70B0559-0CE4-481F-98BA-7F6A3F187226}.Release|Any CPU.Build.0 = Release|Any CPU
	EndGlobalSection
	GlobalSection(SolutionProperties) = preSolution
		HideSolutionNode = FALSE
	EndGlobalSection
	GlobalSection(ExtensibilityGlobals) = postSolution
		SolutionGuid = {822D1DC9-F1F9-4A80-9E7B-ADC0B4620244}
	EndGlobalSection
EndGlobal
